{
  "version": 4,
  "terraform_version": "1.9.3",
  "serial": 8,
  "lineage": "54791f81-2726-cc06-f2c5-289049094fd9",
  "outputs": {},
  "resources": [
    {
      "mode": "managed",
      "type": "spotify_playlist",
      "name": "Bollywood_Songs",
      "provider": "provider[\"registry.terraform.io/conradludgate/spotify\"]",
      "instances": [
        {
          "schema_version": 0,
          "attributes": {
            "description": "",
            "id": "1Ohaj48mHtTqTy1yOyBZFQ",
            "name": "Bollywood_Songs",
            "public": true,
            "snapshot_id": "AAAAAlemWNzgpGSckCMYoGxsvuEKTvok",
            "tracks": [
              "6R6BpMBFQrF7n2uEOxYmss"
            ]
          },
          "sensitive_attributes": [],
          "private": "bnVsbA=="
        }
      ]
    }
  ],
  "check_results": null
}
